
Microsoft Visual Studio Solution File, Format Version 12.00
# Visual Studio Version 17
VisualStudioVersion = 17.14.36511.14
MinimumVisualStudioVersion = 10.0.40219.1
Project("{FAE04EC0-301F-11D3-BF4B-00C04F79EFBC}") = "MalomWinFroms", "MalomWinFroms\MalomWinFroms.csproj", "{F7F795B0-8ED7-4D8C-A9F1-F227A69FDCFF}"
EndProject
Project("{FAE04EC0-301F-11D3-BF4B-00C04F79EFBC}") = "MalomModel", "MalomModel\MalomModel.csproj", "{C0BB1C47-8D88-46EB-8ECF-804650E1938F}"
EndProject
Project("{FAE04EC0-301F-11D3-BF4B-00C04F79EFBC}") = "MalomTests", "MalomTests\MalomTests.csproj", "{E03BD603-B7B8-32EF-0938-328943789AA4}"
EndProject
Global
	GlobalSection(SolutionConfigurationPlatforms) = preSolution
		Debug|Any CPU = Debug|Any CPU
		Release|Any CPU = Release|Any CPU
	EndGlobalSection
	GlobalSection(ProjectConfigurationPlatforms) = postSolution
		{F7F795B0-8ED7-4D8C-A9F1-F227A69FDCFF}.Debug|Any CPU.ActiveCfg = Debug|Any CPU
		{F7F795B0-8ED7-4D8C-A9F1-F227A69FDCFF}.Debug|Any CPU.Build.0 = Debug|Any CPU
		{F7F795B0-8ED7-4D8C-A9F1-F227A69FDCFF}.Release|Any CPU.ActiveCfg = Release|Any CPU
		{F7F795B0-8ED7-4D8C-A9F1-F227A69FDCFF}.Release|Any CPU.Build.0 = Release|Any CPU
		{C0BB1C47-8D88-46EB-8ECF-804650E1938F}.Debug|Any CPU.ActiveCfg = Debug|Any CPU
		{C0BB1C47-8D88-46EB-8ECF-804650E1938F}.Debug|Any CPU.Build.0 = Debug|Any CPU
		{C0BB1C47-8D88-46EB-8ECF-804650E1938F}.Release|Any CPU.ActiveCfg = Release|Any CPU
		{C0BB1C47-8D88-46EB-8ECF-804650E1938F}.Release|Any CPU.Build.0 = Release|Any CPU
		{E03BD603-B7B8-32EF-0938-328943789AA4}.Debug|Any CPU.ActiveCfg = Debug|Any CPU
		{E03BD603-B7B8-32EF-0938-328943789AA4}.Debug|Any CPU.Build.0 = Debug|Any CPU
		{E03BD603-B7B8-32EF-0938-328943789AA4}.Release|Any CPU.ActiveCfg = Release|Any CPU
		{E03BD603-B7B8-32EF-0938-328943789AA4}.Release|Any CPU.Build.0 = Release|Any CPU
	EndGlobalSection
	GlobalSection(SolutionProperties) = preSolution
		HideSolutionNode = FALSE
	EndGlobalSection
	GlobalSection(ExtensibilityGlobals) = postSolution
		SolutionGuid = {C64DE695-CB9E-42B2-9AC6-02589A3797EE}
	EndGlobalSection
EndGlobal
